
Microsoft Visual Studio Solution File, Format Version 12.00
# Visual Studio Version 16
VisualStudioVersion = 16.0.30804.86
MinimumVisualStudioVersion = 10.0.40219.1
Project("{FAE04EC0-301F-11D3-BF4B-00C04F79EFBC}") = "LinkedList", "LinkedList\LinkedList.csproj", "{92D36C17-C06E-45B1-8890-174FBCF6663F}"
EndProject
Global
	GlobalSection(SolutionConfigurationPlatforms) = preSolution
		Debug|Any CPU = Debug|Any CPU
		Release|Any CPU = Release|Any CPU
	EndGlobalSection
	GlobalSection(ProjectConfigurationPlatforms) = postSolution
		{92D36C17-C06E-45B1-8890-174FBCF6663F}.Debug|Any CPU.ActiveCfg = Debug|Any CPU
		{92D36C17-C06E-45B1-8890-174FBCF6663F}.Debug|Any CPU.Build.0 = Debug|Any CPU
		{92D36C17-C06E-45B1-8890-174FBCF6663F}.Release|Any CPU.ActiveCfg = Release|Any CPU
		{92D36C17-C06E-45B1-8890-174FBCF6663F}.Release|Any CPU.Build.0 = Release|Any CPU
	EndGlobalSection
	GlobalSection(SolutionProperties) = preSolution
		HideSolutionNode = FALSE
	EndGlobalSection
	GlobalSection(ExtensibilityGlobals) = postSolution
		SolutionGuid = {CF5A7577-C37D-480B-A622-4B9F5560A528}
	EndGlobalSection
EndGlobal
